
Microsoft Visual Studio Solution File, Format Version 12.00
# Visual Studio Version 17
VisualStudioVersion = 17.2.32516.85
MinimumVisualStudioVersion = 10.0.40219.1
Project("{888888A0-9F3D-457C-B088-3A5042F75D52}") = "DCGAN_face", "DCGAN_face.pyproj", "{1BCFCB0D-3588-4F2B-BCFE-997D3CEDF1ED}"
EndProject
Global
	GlobalSection(SolutionConfigurationPlatforms) = preSolution
		Debug|Any CPU = Debug|Any CPU
		Release|Any CPU = Release|Any CPU
	EndGlobalSection
	GlobalSection(ProjectConfigurationPlatforms) = postSolution
		{1BCFCB0D-3588-4F2B-BCFE-997D3CEDF1ED}.Debug|Any CPU.ActiveCfg = Debug|Any CPU
		{1BCFCB0D-3588-4F2B-BCFE-997D3CEDF1ED}.Release|Any CPU.ActiveCfg = Release|Any CPU
	EndGlobalSection
	GlobalSection(SolutionProperties) = preSolution
		HideSolutionNode = FALSE
	EndGlobalSection
	GlobalSection(ExtensibilityGlobals) = postSolution
		SolutionGuid = {EC69EE49-3690-4E29-9B78-6F5A31E6DF9A}
	EndGlobalSection
EndGlobal
